
Microsoft Visual Studio Solution File, Format Version 12.00
# Visual Studio Version 17
VisualStudioVersion = 17.9.34728.123
MinimumVisualStudioVersion = 10.0.40219.1
Project("{FAE04EC0-301F-11D3-BF4B-00C04F79EFBC}") = "AspNetCoreMvc", "AspNetCoreMvc\AspNetCoreMvc.csproj", "{BFF22CA5-EB26-4430-B761-7283FAE3FFAF}"
EndProject
Global
	GlobalSection(SolutionConfigurationPlatforms) = preSolution
		Debug|Any CPU = Debug|Any CPU
		Release|Any CPU = Release|Any CPU
	EndGlobalSection
	GlobalSection(ProjectConfigurationPlatforms) = postSolution
		{BFF22CA5-EB26-4430-B761-7283FAE3FFAF}.Debug|Any CPU.ActiveCfg = Debug|Any CPU
		{BFF22CA5-EB26-4430-B761-7283FAE3FFAF}.Debug|Any CPU.Build.0 = Debug|Any CPU
		{BFF22CA5-EB26-4430-B761-7283FAE3FFAF}.Release|Any CPU.ActiveCfg = Release|Any CPU
		{BFF22CA5-EB26-4430-B761-7283FAE3FFAF}.Release|Any CPU.Build.0 = Release|Any CPU
	EndGlobalSection
	GlobalSection(SolutionProperties) = preSolution
		HideSolutionNode = FALSE
	EndGlobalSection
	GlobalSection(ExtensibilityGlobals) = postSolution
		SolutionGuid = {6E06E2A1-DF00-40BA-98DC-9B21FCF32469}
	EndGlobalSection
EndGlobal
